
Microsoft Visual Studio Solution File, Format Version 12.00
Project("{FAE04EC0-301F-11D3-BF4B-00C04F79EFBC}") = "Bugs", "Bugs\Bugs.csproj", "{08CF8BF1-18B5-4D40-AEDE-65B085D36914}"
EndProject
Project("{FAE04EC0-301F-11D3-BF4B-00C04F79EFBC}") = "BugsTest", "BugsTest\BugsTest.csproj", "{14D08BD8-50FA-474A-A364-0A17671DBAA8}"
EndProject
Global
	GlobalSection(SolutionConfigurationPlatforms) = preSolution
		Debug|Any CPU = Debug|Any CPU
		Release|Any CPU = Release|Any CPU
	EndGlobalSection
	GlobalSection(ProjectConfigurationPlatforms) = postSolution
		{08CF8BF1-18B5-4D40-AEDE-65B085D36914}.Debug|Any CPU.ActiveCfg = Debug|Any CPU
		{08CF8BF1-18B5-4D40-AEDE-65B085D36914}.Debug|Any CPU.Build.0 = Debug|Any CPU
		{08CF8BF1-18B5-4D40-AEDE-65B085D36914}.Release|Any CPU.ActiveCfg = Release|Any CPU
		{08CF8BF1-18B5-4D40-AEDE-65B085D36914}.Release|Any CPU.Build.0 = Release|Any CPU
		{14D08BD8-50FA-474A-A364-0A17671DBAA8}.Debug|Any CPU.ActiveCfg = Debug|Any CPU
		{14D08BD8-50FA-474A-A364-0A17671DBAA8}.Debug|Any CPU.Build.0 = Debug|Any CPU
		{14D08BD8-50FA-474A-A364-0A17671DBAA8}.Release|Any CPU.ActiveCfg = Release|Any CPU
		{14D08BD8-50FA-474A-A364-0A17671DBAA8}.Release|Any CPU.Build.0 = Release|Any CPU
	EndGlobalSection
EndGlobal
