
Microsoft Visual Studio Solution File, Format Version 12.00
Project("{FAE04EC0-301F-11D3-BF4B-00C04F79EFBC}") = "Kata", "Kata\Kata.csproj", "{0A9DBD6C-051A-4014-8200-ED5B51D9F12D}"
EndProject
Project("{FAE04EC0-301F-11D3-BF4B-00C04F79EFBC}") = "VendingMachine.Test", "VendingMachine.Test\VendingMachine.Test.csproj", "{3AD21AE7-C2C1-44EB-91A0-CA1FBFE862D1}"
EndProject
Global
	GlobalSection(SolutionConfigurationPlatforms) = preSolution
		Debug|Any CPU = Debug|Any CPU
		Release|Any CPU = Release|Any CPU
	EndGlobalSection
	GlobalSection(ProjectConfigurationPlatforms) = postSolution
		{0A9DBD6C-051A-4014-8200-ED5B51D9F12D}.Debug|Any CPU.ActiveCfg = Debug|Any CPU
		{0A9DBD6C-051A-4014-8200-ED5B51D9F12D}.Debug|Any CPU.Build.0 = Debug|Any CPU
		{0A9DBD6C-051A-4014-8200-ED5B51D9F12D}.Release|Any CPU.ActiveCfg = Release|Any CPU
		{0A9DBD6C-051A-4014-8200-ED5B51D9F12D}.Release|Any CPU.Build.0 = Release|Any CPU
		{3AD21AE7-C2C1-44EB-91A0-CA1FBFE862D1}.Debug|Any CPU.ActiveCfg = Debug|Any CPU
		{3AD21AE7-C2C1-44EB-91A0-CA1FBFE862D1}.Debug|Any CPU.Build.0 = Debug|Any CPU
		{3AD21AE7-C2C1-44EB-91A0-CA1FBFE862D1}.Release|Any CPU.ActiveCfg = Release|Any CPU
		{3AD21AE7-C2C1-44EB-91A0-CA1FBFE862D1}.Release|Any CPU.Build.0 = Release|Any CPU
	EndGlobalSection
EndGlobal
